// !$*UTF8*$!
{
	archiveVersion = 1;
	classes = {
	};
	objectVersion = 48;
	objects = {

/* Begin PBXBuildFile section */
		094CEC3E1FAA713F00FDE7A6 /* AppDelegate.swift in Sources */ = {isa = PBXBuildFile; fileRef = 094CEC3D1FAA713F00FDE7A6 /* AppDelegate.swift */; };
		094CEC401FAA713F00FDE7A6 /* ViewController.swift in Sources */ = {isa = PBXBuildFile; fileRef = 094CEC3F1FAA713F00FDE7A6 /* ViewController.swift */; };
		094CEC431FAA713F00FDE7A6 /* Main.storyboard in Resources */ = {isa = PBXBuildFile; fileRef = 094CEC411FAA713F00FDE7A6 /* Main.storyboard */; };
		094CEC451FAA713F00FDE7A6 /* Assets.xcassets in Resources */ = {isa = PBXBuildFile; fileRef = 094CEC441FAA713F00FDE7A6 /* Assets.xcassets */; };
		094CEC481FAA713F00FDE7A6 /* LaunchScreen.storyboard in Resources */ = {isa = PBXBuildFile; fileRef = 094CEC461FAA713F00FDE7A6 /* LaunchScreen.storyboard */; };
		094CEC531FAA713F00FDE7A6 /* GeoCalculatorHomework6Tests.swift in Sources */ = {isa = PBXBuildFile; fileRef = 094CEC521FAA713F00FDE7A6 /* GeoCalculatorHomework6Tests.swift */; };
		094CEC5E1FAA713F00FDE7A6 /* GeoCalculatorHomework6UITests.swift in Sources */ = {isa = PBXBuildFile; fileRef = 094CEC5D1FAA713F00FDE7A6 /* GeoCalculatorHomework6UITests.swift */; };
/* End PBXBuildFile section */

/* Begin PBXContainerItemProxy section */
		094CEC4F1FAA713F00FDE7A6 /* PBXContainerItemProxy */ = {
			isa = PBXContainerItemProxy;
			containerPortal = 094CEC321FAA713E00FDE7A6 /* Project object */;
			proxyType = 1;
			remoteGlobalIDString = 094CEC391FAA713E00FDE7A6;
			remoteInfo = GeoCalculatorHomework6;
		};
		094CEC5A1FAA713F00FDE7A6 /* PBXContainerItemProxy */ = {
			isa = PBXContainerItemProxy;
			containerPortal = 094CEC321FAA713E00FDE7A6 /* Project object */;
			proxyType = 1;
			remoteGlobalIDString = 094CEC391FAA713E00FDE7A6;
			remoteInfo = GeoCalculatorHomework6;
		};
/* End PBXContainerItemProxy section */

/* Begin PBXFileReference section */
		094CEC3A1FAA713E00FDE7A6 /* GeoCalculatorHomework6.app */ = {isa = PBXFileReference; explicitFileType = wrapper.application; includeInIndex = 0; path = GeoCalculatorHomework6.app; sourceTree = BUILT_PRODUCTS_DIR; };
		094CEC3D1FAA713F00FDE7A6 /* AppDelegate.swift */ = {isa = PBXFileReference; lastKnownFileType = sourcecode.swift; path = AppDelegate.swift; sourceTree = "<group>"; };
		094CEC3F1FAA713F00FDE7A6 /* ViewController.swift */ = {isa = PBXFileReference; lastKnownFileType = sourcecode.swift; path = ViewController.swift; sourceTree = "<group>"; };
		094CEC421FAA713F00FDE7A6 /* Base */ = {isa = PBXFileReference; lastKnownFileType = file.storyboard; name = Base; path = Base.lproj/Main.storyboard; sourceTree = "<group>"; };
		094CEC441FAA713F00FDE7A6 /* Assets.xcassets */ = {isa = PBXFileReference; lastKnownFileType = folder.assetcatalog; path = Assets.xcassets; sourceTree = "<group>"; };
		094CEC471FAA713F00FDE7A6 /* Base */ = {isa = PBXFileReference; lastKnownFileType = file.storyboard; name = Base; path = Base.lproj/LaunchScreen.storyboard; sourceTree = "<group>"; };
		094CEC491FAA713F00FDE7A6 /* Info.plist */ = {isa = PBXFileReference; lastKnownFileType = text.plist.xml; path = Info.plist; sourceTree = "<group>"; };
		094CEC4E1FAA713F00FDE7A6 /* GeoCalculatorHomework6Tests.xctest */ = {isa = PBXFileReference; explicitFileType = wrapper.cfbundle; includeInIndex = 0; path = GeoCalculatorHomework6Tests.xctest; sourceTree = BUILT_PRODUCTS_DIR; };
		094CEC521FAA713F00FDE7A6 /* GeoCalculatorHomework6Tests.swift */ = {isa = PBXFileReference; lastKnownFileType = sourcecode.swift; path = GeoCalculatorHomework6Tests.swift; sourceTree = "<group>"; };
		094CEC541FAA713F00FDE7A6 /* Info.plist */ = {isa = PBXFileReference; lastKnownFileType = text.plist.xml; path = Info.plist; sourceTree = "<group>"; };
		094CEC591FAA713F00FDE7A6 /* GeoCalculatorHomework6UITests.xctest */ = {isa = PBXFileReference; explicitFileType = wrapper.cfbundle; includeInIndex = 0; path = GeoCalculatorHomework6UITests.xctest; sourceTree = BUILT_PRODUCTS_DIR; };
		094CEC5D1FAA713F00FDE7A6 /* GeoCalculatorHomework6UITests.swift */ = {isa = PBXFileReference; lastKnownFileType = sourcecode.swift; path = GeoCalculatorHomework6UITests.swift; sourceTree = "<group>"; };
		094CEC5F1FAA713F00FDE7A6 /* Info.plist */ = {isa = PBXFileReference; lastKnownFileType = text.plist.xml; path = Info.plist; sourceTree = "<group>"; };
/* End PBXFileReference section */

/* Begin PBXFrameworksBuildPhase section */
		094CEC371FAA713E00FDE7A6 /* Frameworks */ = {
			isa = PBXFrameworksBuildPhase;
			buildActionMask = 2147483647;
			files = (
			);
			runOnlyForDeploymentPostprocessing = 0;
		};
		094CEC4B1FAA713F00FDE7A6 /* Frameworks */ = {
			isa = PBXFrameworksBuildPhase;
			buildActionMask = 2147483647;
			files = (
			);
			runOnlyForDeploymentPostprocessing = 0;
		};
		094CEC561FAA713F00FDE7A6 /* Frameworks */ = {
			isa = PBXFrameworksBuildPhase;
			buildActionMask = 2147483647;
			files = (
			);
			runOnlyForDeploymentPostprocessing = 0;
		};
/* End PBXFrameworksBuildPhase section */

/* Begin PBXGroup section */
		094CEC311FAA713E00FDE7A6 = {
			isa = PBXGroup;
			children = (
				094CEC3C1FAA713E00FDE7A6 /* GeoCalculatorHomework6 */,
				094CEC511FAA713F00FDE7A6 /* GeoCalculatorHomework6Tests */,
				094CEC5C1FAA713F00FDE7A6 /* GeoCalculatorHomework6UITests */,
				094CEC3B1FAA713E00FDE7A6 /* Products */,
			);
			sourceTree = "<group>";
		};
		094CEC3B1FAA713E00FDE7A6 /* Products */ = {
			isa = PBXGroup;
			children = (
				094CEC3A1FAA713E00FDE7A6 /* GeoCalculatorHomework6.app */,
				094CEC4E1FAA713F00FDE7A6 /* GeoCalculatorHomework6Tests.xctest */,
				094CEC591FAA713F00FDE7A6 /* GeoCalculatorHomework6UITests.xctest */,
			);
			name = Products;
			sourceTree = "<group>";
		};
		094CEC3C1FAA713E00FDE7A6 /* GeoCalculatorHomework6 */ = {
			isa = PBXGroup;
			children = (
				094CEC3D1FAA713F00FDE7A6 /* AppDelegate.swift */,
				094CEC3F1FAA713F00FDE7A6 /* ViewController.swift */,
				094CEC411FAA713F00FDE7A6 /* Main.storyboard */,
				094CEC441FAA713F00FDE7A6 /* Assets.xcassets */,
				094CEC461FAA713F00FDE7A6 /* LaunchScreen.storyboard */,
				094CEC491FAA713F00FDE7A6 /* Info.plist */,
			);
			path = GeoCalculatorHomework6;
			sourceTree = "<group>";
		};
		094CEC511FAA713F00FDE7A6 /* GeoCalculatorHomework6Tests */ = {
			isa = PBXGroup;
			children = (
				094CEC521FAA713F00FDE7A6 /* GeoCalculatorHomework6Tests.swift */,
				094CEC541FAA713F00FDE7A6 /* Info.plist */,
			);
			path = GeoCalculatorHomework6Tests;
			sourceTree = "<group>";
		};
		094CEC5C1FAA713F00FDE7A6 /* GeoCalculatorHomework6UITests */ = {
			isa = PBXGroup;
			children = (
				094CEC5D1FAA713F00FDE7A6 /* GeoCalculatorHomework6UITests.swift */,
				094CEC5F1FAA713F00FDE7A6 /* Info.plist */,
			);
			path = GeoCalculatorHomework6UITests;
			sourceTree = "<group>";
		};
/* End PBXGroup section */

/* Begin PBXNativeTarget section */
		094CEC391FAA713E00FDE7A6 /* GeoCalculatorHomework6 */ = {
			isa = PBXNativeTarget;
			buildConfigurationList = 094CEC621FAA713F00FDE7A6 /* Build configuration list for PBXNativeTarget "GeoCalculatorHomework6" */;
			buildPhases = (
				094CEC361FAA713E00FDE7A6 /* Sources */,
				094CEC371FAA713E00FDE7A6 /* Frameworks */,
				094CEC381FAA713E00FDE7A6 /* Resources */,
			);
			buildRules = (
			);
			dependencies = (
			);
			name = GeoCalculatorHomework6;
			productName = GeoCalculatorHomework6;
			productReference = 094CEC3A1FAA713E00FDE7A6 /* GeoCalculatorHomework6.app */;
			productType = "com.apple.product-type.application";
		};
		094CEC4D1FAA713F00FDE7A6 /* GeoCalculatorHomework6Tests */ = {
			isa = PBXNativeTarget;
			buildConfigurationList = 094CEC651FAA713F00FDE7A6 /* Build configuration list for PBXNativeTarget "GeoCalculatorHomework6Tests" */;
			buildPhases = (
				094CEC4A1FAA713F00FDE7A6 /* Sources */,
				094CEC4B1FAA713F00FDE7A6 /* Frameworks */,
				094CEC4C1FAA713F00FDE7A6 /* Resources */,
			);
			buildRules = (
			);
			dependencies = (
				094CEC501FAA713F00FDE7A6 /* PBXTargetDependency */,
			);
			name = GeoCalculatorHomework6Tests;
			productName = GeoCalculatorHomework6Tests;
			productReference = 094CEC4E1FAA713F00FDE7A6 /* GeoCalculatorHomework6Tests.xctest */;
			productType = "com.apple.product-type.bundle.unit-test";
		};
		094CEC581FAA713F00FDE7A6 /* GeoCalculatorHomework6UITests */ = {
			isa = PBXNativeTarget;
			buildConfigurationList = 094CEC681FAA713F00FDE7A6 /* Build configuration list for PBXNativeTarget "GeoCalculatorHomework6UITests" */;
			buildPhases = (
				094CEC551FAA713F00FDE7A6 /* Sources */,
				094CEC561FAA713F00FDE7A6 /* Frameworks */,
				094CEC571FAA713F00FDE7A6 /* Resources */,
			);
			buildRules = (
			);
			dependencies = (
				094CEC5B1FAA713F00FDE7A6 /* PBXTargetDependency */,
			);
			name = GeoCalculatorHomework6UITests;
			productName = GeoCalculatorHomework6UITests;
			productReference = 094CEC591FAA713F00FDE7A6 /* GeoCalculatorHomework6UITests.xctest */;
			productType = "com.apple.product-type.bundle.ui-testing";
		};
/* End PBXNativeTarget section */

/* Begin PBXProject section */
		094CEC321FAA713E00FDE7A6 /* Project object */ = {
			isa = PBXProject;
			attributes = {
				LastSwiftUpdateCheck = 0900;
				LastUpgradeCheck = 0900;
				ORGANIZATIONNAME = "Mason Mahoney";
				TargetAttributes = {
					094CEC391FAA713E00FDE7A6 = {
						CreatedOnToolsVersion = 9.0.1;
						ProvisioningStyle = Automatic;
					};
					094CEC4D1FAA713F00FDE7A6 = {
						CreatedOnToolsVersion = 9.0.1;
						ProvisioningStyle = Automatic;
						TestTargetID = 094CEC391FAA713E00FDE7A6;
					};
					094CEC581FAA713F00FDE7A6 = {
						CreatedOnToolsVersion = 9.0.1;
						ProvisioningStyle = Automatic;
						TestTargetID = 094CEC391FAA713E00FDE7A6;
					};
				};
			};
			buildConfigurationList = 094CEC351FAA713E00FDE7A6 /* Build configuration list for PBXProject "GeoCalculatorHomework6" */;
			compatibilityVersion = "Xcode 8.0";
			developmentRegion = en;
			hasScannedForEncodings = 0;
			knownRegions = (
				en,
				Base,
			);
			mainGroup = 094CEC311FAA713E00FDE7A6;
			productRefGroup = 094CEC3B1FAA713E00FDE7A6 /* Products */;
			projectDirPath = "";
			projectRoot = "";
			targets = (
				094CEC391FAA713E00FDE7A6 /* GeoCalculatorHomework6 */,
				094CEC4D1FAA713F00FDE7A6 /* GeoCalculatorHomework6Tests */,
				094CEC581FAA713F00FDE7A6 /* GeoCalculatorHomework6UITests */,
			);
		};
/* End PBXProject section */

/* Begin PBXResourcesBuildPhase section */
		094CEC381FAA713E00FDE7A6 /* Resources */ = {
			isa = PBXResourcesBuildPhase;
			buildActionMask = 2147483647;
			files = (
				094CEC481FAA713F00FDE7A6 /* LaunchScreen.storyboard in Resources */,
				094CEC451FAA713F00FDE7A6 /* Assets.xcassets in Resources */,
				094CEC431FAA713F00FDE7A6 /* Main.storyboard in Resources */,
			);
			runOnlyForDeploymentPostprocessing = 0;
		};
		094CEC4C1FAA713F00FDE7A6 /* Resources */ = {
			isa = PBXResourcesBuildPhase;
			buildActionMask = 2147483647;
			files = (
			);
			runOnlyForDeploymentPostprocessing = 0;
		};
		094CEC571FAA713F00FDE7A6 /* Resources */ = {
			isa = PBXResourcesBuildPhase;
			buildActionMask = 2147483647;
			files = (
			);
			runOnlyForDeploymentPostprocessing = 0;
		};
/* End PBXResourcesBuildPhase section */

/* Begin PBXSourcesBuildPhase section */
		094CEC361FAA713E00FDE7A6 /* Sources */ = {
			isa = PBXSourcesBuildPhase;
			buildActionMask = 2147483647;
			files = (
				094CEC401FAA713F00FDE7A6 /* ViewController.swift in Sources */,
				094CEC3E1FAA713F00FDE7A6 /* AppDelegate.swift in Sources */,
			);
			runOnlyForDeploymentPostprocessing = 0;
		};
		094CEC4A1FAA713F00FDE7A6 /* Sources */ = {
			isa = PBXSourcesBuildPhase;
			buildActionMask = 2147483647;
			files = (
				094CEC531FAA713F00FDE7A6 /* GeoCalculatorHomework6Tests.swift in Sources */,
			);
			runOnlyForDeploymentPostprocessing = 0;
		};
		094CEC551FAA713F00FDE7A6 /* Sources */ = {
			isa = PBXSourcesBuildPhase;
			buildActionMask = 2147483647;
			files = (
				094CEC5E1FAA713F00FDE7A6 /* GeoCalculatorHomework6UITests.swift in Sources */,
			);
			runOnlyForDeploymentPostprocessing = 0;
		};
/* End PBXSourcesBuildPhase section */

/* Begin PBXTargetDependency section */
		094CEC501FAA713F00FDE7A6 /* PBXTargetDependency */ = {
			isa = PBXTargetDependency;
			target = 094CEC391FAA713E00FDE7A6 /* GeoCalculatorHomework6 */;
			targetProxy = 094CEC4F1FAA713F00FDE7A6 /* PBXContainerItemProxy */;
		};
		094CEC5B1FAA713F00FDE7A6 /* PBXTargetDependency */ = {
			isa = PBXTargetDependency;
			target = 094CEC391FAA713E00FDE7A6 /* GeoCalculatorHomework6 */;
			targetProxy = 094CEC5A1FAA713F00FDE7A6 /* PBXContainerItemProxy */;
		};
/* End PBXTargetDependency section */

/* Begin PBXVariantGroup section */
		094CEC411FAA713F00FDE7A6 /* Main.storyboard */ = {
			isa = PBXVariantGroup;
			children = (
				094CEC421FAA713F00FDE7A6 /* Base */,
			);
			name = Main.storyboard;
			sourceTree = "<group>";
		};
		094CEC461FAA713F00FDE7A6 /* LaunchScreen.storyboard */ = {
			isa = PBXVariantGroup;
			children = (
				094CEC471FAA713F00FDE7A6 /* Base */,
			);
			name = LaunchScreen.storyboard;
			sourceTree = "<group>";
		};
/* End PBXVariantGroup section */

/* Begin XCBuildConfiguration section */
		094CEC601FAA713F00FDE7A6 /* Debug */ = {
			isa = XCBuildConfiguration;
			buildSettings = {
				ALWAYS_SEARCH_USER_PATHS = NO;
				CLANG_ANALYZER_NONNULL = YES;
				CLANG_ANALYZER_NUMBER_OBJECT_CONVERSION = YES_AGGRESSIVE;
				CLANG_CXX_LANGUAGE_STANDARD = "gnu++14";
				CLANG_CXX_LIBRARY = "libc++";
				CLANG_ENABLE_MODULES = YES;
				CLANG_ENABLE_OBJC_ARC = YES;
				CLANG_WARN_BLOCK_CAPTURE_AUTORELEASING = YES;
				CLANG_WARN_BOOL_CONVERSION = YES;
				CLANG_WARN_COMMA = YES;
				CLANG_WARN_CONSTANT_CONVERSION = YES;
				CLANG_WARN_DIRECT_OBJC_ISA_USAGE = YES_ERROR;
				CLANG_WARN_DOCUMENTATION_COMMENTS = YES;
				CLANG_WARN_EMPTY_BODY = YES;
				CLANG_WARN_ENUM_CONVERSION = YES;
				CLANG_WARN_INFINITE_RECURSION = YES;
				CLANG_WARN_INT_CONVERSION = YES;
				CLANG_WARN_NON_LITERAL_NULL_CONVERSION = YES;
				CLANG_WARN_OBJC_LITERAL_CONVERSION = YES;
				CLANG_WARN_OBJC_ROOT_CLASS = YES_ERROR;
				CLANG_WARN_RANGE_LOOP_ANALYSIS = YES;
				CLANG_WARN_STRICT_PROTOTYPES = YES;
				CLANG_WARN_SUSPICIOUS_MOVE = YES;
				CLANG_WARN_UNGUARDED_AVAILABILITY = YES_AGGRESSIVE;
				CLANG_WARN_UNREACHABLE_CODE = YES;
				CLANG_WARN__DUPLICATE_METHOD_MATCH = YES;
				CODE_SIGN_IDENTITY = "iPhone Developer";
				COPY_PHASE_STRIP = NO;
				DEBUG_INFORMATION_FORMAT = dwarf;
				ENABLE_STRICT_OBJC_MSGSEND = YES;
				ENABLE_TESTABILITY = YES;
				GCC_C_LANGUAGE_STANDARD = gnu11;
				GCC_DYNAMIC_NO_PIC = NO;
				GCC_NO_COMMON_BLOCKS = YES;
				GCC_OPTIMIZATION_LEVEL = 0;
				GCC_PREPROCESSOR_DEFINITIONS = (
					"DEBUG=1",
					"$(inherited)",
				);
				GCC_WARN_64_TO_32_BIT_CONVERSION = YES;
				GCC_WARN_ABOUT_RETURN_TYPE = YES_ERROR;
				GCC_WARN_UNDECLARED_SELECTOR = YES;
				GCC_WARN_UNINITIALIZED_AUTOS = YES_AGGRESSIVE;
				GCC_WARN_UNUSED_FUNCTION = YES;
				GCC_WARN_UNUSED_VARIABLE = YES;
				IPHONEOS_DEPLOYMENT_TARGET = 11.0;
				MTL_ENABLE_DEBUG_INFO = YES;
				ONLY_ACTIVE_ARCH = YES;
				SDKROOT = iphoneos;
				SWIFT_ACTIVE_COMPILATION_CONDITIONS = DEBUG;
				SWIFT_OPTIMIZATION_LEVEL = "-Onone";
			};
			name = Debug;
		};
		094CEC611FAA713F00FDE7A6 /* Release */ = {
			isa = XCBuildConfiguration;
			buildSettings = {
				ALWAYS_SEARCH_USER_PATHS = NO;
				CLANG_ANALYZER_NONNULL = YES;
				CLANG_ANALYZER_NUMBER_OBJECT_CONVERSION = YES_AGGRESSIVE;
				CLANG_CXX_LANGUAGE_STANDARD = "gnu++14";
				CLANG_CXX_LIBRARY = "libc++";
				CLANG_ENABLE_MODULES = YES;
				CLANG_ENABLE_OBJC_ARC = YES;
				CLANG_WARN_BLOCK_CAPTURE_AUTORELEASING = YES;
				CLANG_WARN_BOOL_CONVERSION = YES;
				CLANG_WARN_COMMA = YES;
				CLANG_WARN_CONSTANT_CONVERSION = YES;
				CLANG_WARN_DIRECT_OBJC_ISA_USAGE = YES_ERROR;
				CLANG_WARN_DOCUMENTATION_COMMENTS = YES;
				CLANG_WARN_EMPTY_BODY = YES;
				CLANG_WARN_ENUM_CONVERSION = YES;
				CLANG_WARN_INFINITE_RECURSION = YES;
				CLANG_WARN_INT_CONVERSION = YES;
				CLANG_WARN_NON_LITERAL_NULL_CONVERSION = YES;
				CLANG_WARN_OBJC_LITERAL_CONVERSION = YES;
				CLANG_WARN_OBJC_ROOT_CLASS = YES_ERROR;
				CLANG_WARN_RANGE_LOOP_ANALYSIS = YES;
				CLANG_WARN_STRICT_PROTOTYPES = YES;
				CLANG_WARN_SUSPICIOUS_MOVE = YES;
				CLANG_WARN_UNGUARDED_AVAILABILITY = YES_AGGRESSIVE;
				CLANG_WARN_UNREACHABLE_CODE = YES;
				CLANG_WARN__DUPLICATE_METHOD_MATCH = YES;
				CODE_SIGN_IDENTITY = "iPhone Developer";
				COPY_PHASE_STRIP = NO;
				DEBUG_INFORMATION_FORMAT = "dwarf-with-dsym";
				ENABLE_NS_ASSERTIONS = NO;
				ENABLE_STRICT_OBJC_MSGSEND = YES;
				GCC_C_LANGUAGE_STANDARD = gnu11;
				GCC_NO_COMMON_BLOCKS = YES;
				GCC_WARN_64_TO_32_BIT_CONVERSION = YES;
				GCC_WARN_ABOUT_RETURN_TYPE = YES_ERROR;
				GCC_WARN_UNDECLARED_SELECTOR = YES;
				GCC_WARN_UNINITIALIZED_AUTOS = YES_AGGRESSIVE;
				GCC_WARN_UNUSED_FUNCTION = YES;
				GCC_WARN_UNUSED_VARIABLE = YES;
				IPHONEOS_DEPLOYMENT_TARGET = 11.0;
				MTL_ENABLE_DEBUG_INFO = NO;
				SDKROOT = iphoneos;
				SWIFT_OPTIMIZATION_LEVEL = "-Owholemodule";
				VALIDATE_PRODUCT = YES;
			};
			name = Release;
		};
		094CEC631FAA713F00FDE7A6 /* Debug */ = {
			isa = XCBuildConfiguration;
			buildSettings = {
				ASSETCATALOG_COMPILER_APPICON_NAME = AppIcon;
				CODE_SIGN_STYLE = Automatic;
				INFOPLIST_FILE = GeoCalculatorHomework6/Info.plist;
				LD_RUNPATH_SEARCH_PATHS = "$(inherited) @executable_path/Frameworks";
				PRODUCT_BUNDLE_IDENTIFIER = FinalProject.GeoCalculatorHomework6;
				PRODUCT_NAME = "$(TARGET_NAME)";
				SWIFT_VERSION = 4.0;
				TARGETED_DEVICE_FAMILY = "1,2";
			};
			name = Debug;
		};
		094CEC641FAA713F00FDE7A6 /* Release */ = {
			isa = XCBuildConfiguration;
			buildSettings = {
				ASSETCATALOG_COMPILER_APPICON_NAME = AppIcon;
				CODE_SIGN_STYLE = Automatic;
				INFOPLIST_FILE = GeoCalculatorHomework6/Info.plist;
				LD_RUNPATH_SEARCH_PATHS = "$(inherited) @executable_path/Frameworks";
				PRODUCT_BUNDLE_IDENTIFIER = FinalProject.GeoCalculatorHomework6;
				PRODUCT_NAME = "$(TARGET_NAME)";
				SWIFT_VERSION = 4.0;
				TARGETED_DEVICE_FAMILY = "1,2";
			};
			name = Release;
		};
		094CEC661FAA713F00FDE7A6 /* Debug */ = {
			isa = XCBuildConfiguration;
			buildSettings = {
				ALWAYS_EMBED_SWIFT_STANDARD_LIBRARIES = YES;
				BUNDLE_LOADER = "$(TEST_HOST)";
				CODE_SIGN_STYLE = Automatic;
				INFOPLIST_FILE = GeoCalculatorHomework6Tests/Info.plist;
				LD_RUNPATH_SEARCH_PATHS = "$(inherited) @executable_path/Frameworks @loader_path/Frameworks";
				PRODUCT_BUNDLE_IDENTIFIER = FinalProject.GeoCalculatorHomework6Tests;
				PRODUCT_NAME = "$(TARGET_NAME)";
				SWIFT_VERSION = 4.0;
				TARGETED_DEVICE_FAMILY = "1,2";
				TEST_HOST = "$(BUILT_PRODUCTS_DIR)/GeoCalculatorHomework6.app/GeoCalculatorHomework6";
			};
			name = Debug;
		};
		094CEC671FAA713F00FDE7A6 /* Release */ = {
			isa = XCBuildConfiguration;
			buildSettings = {
				ALWAYS_EMBED_SWIFT_STANDARD_LIBRARIES = YES;
				BUNDLE_LOADER = "$(TEST_HOST)";
				CODE_SIGN_STYLE = Automatic;
				INFOPLIST_FILE = GeoCalculatorHomework6Tests/Info.plist;
				LD_RUNPATH_SEARCH_PATHS = "$(inherited) @executable_path/Frameworks @loader_path/Frameworks";
				PRODUCT_BUNDLE_IDENTIFIER = FinalProject.GeoCalculatorHomework6Tests;
				PRODUCT_NAME = "$(TARGET_NAME)";
				SWIFT_VERSION = 4.0;
				TARGETED_DEVICE_FAMILY = "1,2";
				TEST_HOST = "$(BUILT_PRODUCTS_DIR)/GeoCalculatorHomework6.app/GeoCalculatorHomework6";
			};
			name = Release;
		};
		094CEC691FAA713F00FDE7A6 /* Debug */ = {
			isa = XCBuildConfiguration;
			buildSettings = {
				ALWAYS_EMBED_SWIFT_STANDARD_LIBRARIES = YES;
				CODE_SIGN_STYLE = Automatic;
				INFOPLIST_FILE = GeoCalculatorHomework6UITests/Info.plist;
				LD_RUNPATH_SEARCH_PATHS = "$(inherited) @executable_path/Frameworks @loader_path/Frameworks";
				PRODUCT_BUNDLE_IDENTIFIER = FinalProject.GeoCalculatorHomework6UITests;
				PRODUCT_NAME = "$(TARGET_NAME)";
				SWIFT_VERSION = 4.0;
				TARGETED_DEVICE_FAMILY = "1,2";
				TEST_TARGET_NAME = GeoCalculatorHomework6;
			};
			name = Debug;
		};
		094CEC6A1FAA713F00FDE7A6 /* Release */ = {
			isa = XCBuildConfiguration;
			buildSettings = {
				ALWAYS_EMBED_SWIFT_STANDARD_LIBRARIES = YES;
				CODE_SIGN_STYLE = Automatic;
				INFOPLIST_FILE = GeoCalculatorHomework6UITests/Info.plist;
				LD_RUNPATH_SEARCH_PATHS = "$(inherited) @executable_path/Frameworks @loader_path/Frameworks";
				PRODUCT_BUNDLE_IDENTIFIER = FinalProject.GeoCalculatorHomework6UITests;
				PRODUCT_NAME = "$(TARGET_NAME)";
				SWIFT_VERSION = 4.0;
				TARGETED_DEVICE_FAMILY = "1,2";
				TEST_TARGET_NAME = GeoCalculatorHomework6;
			};
			name = Release;
		};
/* End XCBuildConfiguration section */

/* Begin XCConfigurationList section */
		094CEC351FAA713E00FDE7A6 /* Build configuration list for PBXProject "GeoCalculatorHomework6" */ = {
			isa = XCConfigurationList;
			buildConfigurations = (
				094CEC601FAA713F00FDE7A6 /* Debug */,
				094CEC611FAA713F00FDE7A6 /* Release */,
			);
			defaultConfigurationIsVisible = 0;
			defaultConfigurationName = Release;
		};
		094CEC621FAA713F00FDE7A6 /* Build configuration list for PBXNativeTarget "GeoCalculatorHomework6" */ = {
			isa = XCConfigurationList;
			buildConfigurations = (
				094CEC631FAA713F00FDE7A6 /* Debug */,
				094CEC641FAA713F00FDE7A6 /* Release */,
			);
			defaultConfigurationIsVisible = 0;
			defaultConfigurationName = Release;
		};
		094CEC651FAA713F00FDE7A6 /* Build configuration list for PBXNativeTarget "GeoCalculatorHomework6Tests" */ = {
			isa = XCConfigurationList;
			buildConfigurations = (
				094CEC661FAA713F00FDE7A6 /* Debug */,
				094CEC671FAA713F00FDE7A6 /* Release */,
			);
			defaultConfigurationIsVisible = 0;
			defaultConfigurationName = Release;
		};
		094CEC681FAA713F00FDE7A6 /* Build configuration list for PBXNativeTarget "GeoCalculatorHomework6UITests" */ = {
			isa = XCConfigurationList;
			buildConfigurations = (
				094CEC691FAA713F00FDE7A6 /* Debug */,
				094CEC6A1FAA713F00FDE7A6 /* Release */,
			);
			defaultConfigurationIsVisible = 0;
			defaultConfigurationName = Release;
		};
/* End XCConfigurationList section */
	};
	rootObject = 094CEC321FAA713E00FDE7A6 /* Project object */;
}
